{
  "name": "a11y-markdown-badges",
  "version": "1.0.0",
  "lockfileVersion": 1,
  "requires": true,
  "dependencies": {
    "css-color-list": {
      "version": "0.0.1",
      "resolved": "https://registry.npmjs.org/css-color-list/-/css-color-list-0.0.1.tgz",
      "integrity": "sha1-hxjoaVrnosyHh76HFfHACKfyixU=",
      "dev": true,
      "requires": {
        "css-color-names": "0.0.1"
      },
      "dependencies": {
        "css-color-names": {
          "version": "0.0.1",
          "resolved": "https://registry.npmjs.org/css-color-names/-/css-color-names-0.0.1.tgz",
          "integrity": "sha1-XQVI+iVkVu3kqaDCrHqxnT6xrYE=",
          "dev": true
        }
      }
    },
    "css-color-names": {
      "version": "1.0.1",
      "resolved": "https://registry.npmjs.org/css-color-names/-/css-color-names-1.0.1.tgz",
      "integrity": "sha512-/loXYOch1qU1biStIFsHH8SxTmOseh1IJqFvy8IujXOm1h+QjUdDhkzOrR5HG8K8mlxREj0yfi8ewCHx0eMxzA==",
      "dev": true
    },
    "esm": {
      "version": "3.2.25",
      "resolved": "https://registry.npmjs.org/esm/-/esm-3.2.25.tgz",
      "integrity": "sha512-U1suiZ2oDVWv4zPO56S0NcR5QriEahGtdN2OR6FiOG4WJvcjBVFB0qI4+eKoWFH483PKGuLuu6V8Z4T5g63UVA==",
      "dev": true
    },
    "get-contrast": {
      "version": "3.0.0",
      "resolved": "https://registry.npmjs.org/get-contrast/-/get-contrast-3.0.0.tgz",
      "integrity": "sha512-B3uK3WpKz/4bHMCMSmi4UfZ/Gk8qqVHQXMk6ayhx/x5cCjK3hl5kvX4POTauVQK5kdzWNfbyd5QjwOxERSwKlQ==",
      "dev": true,
      "requires": {
        "css-color-names": "1.0.1",
        "is-blank": "2.1.0",
        "is-named-css-color": "1.0.0",
        "rgb": "^0.1.0",
        "wcag-contrast": "3.0.0"
      }
    },
    "is-blank": {
      "version": "2.1.0",
      "resolved": "https://registry.npmjs.org/is-blank/-/is-blank-2.1.0.tgz",
      "integrity": "sha1-aac9PA1PQX3/+yB6J5XA8OV23gQ=",
      "dev": true,
      "requires": {
        "is-empty": "^1.2.0",
        "is-whitespace": "^0.3.0"
      }
    },
    "is-empty": {
      "version": "1.2.0",
      "resolved": "https://registry.npmjs.org/is-empty/-/is-empty-1.2.0.tgz",
      "integrity": "sha1-3pu1snhzigWgsJpX4ftNSjQan2s=",
      "dev": true
    },
    "is-named-css-color": {
      "version": "1.0.0",
      "resolved": "https://registry.npmjs.org/is-named-css-color/-/is-named-css-color-1.0.0.tgz",
      "integrity": "sha1-O1+JvcSlFf9O0lcU/8ZBKaJVmbc=",
      "dev": true,
      "requires": {
        "css-color-list": "0.0.1"
      }
    },
    "is-whitespace": {
      "version": "0.3.0",
      "resolved": "https://registry.npmjs.org/is-whitespace/-/is-whitespace-0.3.0.tgz",
      "integrity": "sha1-Fjnssb4DauxppUy7QBz77XEUq38=",
      "dev": true
    },
    "relative-luminance": {
      "version": "2.0.1",
      "resolved": "https://registry.npmjs.org/relative-luminance/-/relative-luminance-2.0.1.tgz",
      "integrity": "sha512-wFuITNthJilFPwkK7gNJcULxXBcfFZvZORsvdvxeOdO44wCeZnuQkf3nFFzOR/dpJNxYsdRZJLsepWbyKhnMww==",
      "dev": true,
      "requires": {
        "esm": "^3.0.84"
      }
    },
    "rgb": {
      "version": "0.1.0",
      "resolved": "https://registry.npmjs.org/rgb/-/rgb-0.1.0.tgz",
      "integrity": "sha1-vieykej+/+rBvZlylyG/pA/AN7U=",
      "dev": true
    },
    "simple-icons": {
      "version": "5.13.0",
      "resolved": "https://registry.npmjs.org/simple-icons/-/simple-icons-5.13.0.tgz",
      "integrity": "sha512-hcEfbfFokQ6GtdlvdqnSKqoxqIWSQ3r9jtJKi+m2fnIPxv2wrIfqAJNcI6FVGhLcCuC4t6iPpKiuF46bzduqUA==",
      "dev": true
    },
    "wcag-contrast": {
      "version": "3.0.0",
      "resolved": "https://registry.npmjs.org/wcag-contrast/-/wcag-contrast-3.0.0.tgz",
      "integrity": "sha512-RWbpg/S7FOXDCwqC2oFhN/vh8dHzj0OS6dpyOSDHyQFSmqmR+lAUStV/ziTT1GzDqL9wol+nZQB4vCi5yEak+w==",
      "dev": true,
      "requires": {
        "relative-luminance": "^2.0.0"
      }
    }
  }
}
